{
  "name": "raspberry-pi-1wire",
  "version": "1.0.0",
  "lockfileVersion": 1,
  "requires": true,
  "dependencies": {
    "ds18b20": {
      "version": "0.1.0",
      "resolved": "https://registry.npmjs.org/ds18b20/-/ds18b20-0.1.0.tgz",
      "integrity": "sha1-tXHU2j9/kt1c2K72kut3fjBpavE="
    }
  }
}
